
Microsoft Visual Studio Solution File, Format Version 12.00
# Visual Studio Version 16
VisualStudioVersion = 16.0.31112.23
MinimumVisualStudioVersion = 10.0.40219.1
Project("{FAE04EC0-301F-11D3-BF4B-00C04F79EFBC}") = "BluetoothXPlatformChat.Android", "BluetoothXPlatformChat\BluetoothXPlatformChat.Android\BluetoothXPlatformChat.Android.csproj", "{A944139B-7428-47B9-B90E-CD31A4DEA1ED}"
EndProject
Project("{FAE04EC0-301F-11D3-BF4B-00C04F79EFBC}") = "BluetoothXPlatformChat.iOS", "BluetoothXPlatformChat\BluetoothXPlatformChat.iOS\BluetoothXPlatformChat.iOS.csproj", "{94356E9B-AF5A-43C8-AA45-1F15F21134F3}"
EndProject
Project("{FAE04EC0-301F-11D3-BF4B-00C04F79EFBC}") = "BluetoothXPlatformChat", "BluetoothXPlatformChat\BluetoothXPlatformChat\BluetoothXPlatformChat.csproj", "{5EC84980-CA97-424A-B2C8-6D1686FD217B}"
EndProject
Project("{FAE04EC0-301F-11D3-BF4B-00C04F79EFBC}") = "BluetoothXPlatformChat.WPF", "BluetoothXPlatformChat.WPF\BluetoothXPlatformChat.WPF.csproj", "{E935ADFB-332A-4511-A735-90FA59CD1F12}"
EndProject
Project("{FAE04EC0-301F-11D3-BF4B-00C04F79EFBC}") = "BluetoothXPlatformChat.Common", "BluetoothXPlatformChat.Common\BluetoothXPlatformChat.Common.csproj", "{008ADE90-743E-4234-B871-8CB9C06DE647}"
EndProject
Global
	GlobalSection(SolutionConfigurationPlatforms) = preSolution
		Debug|Any CPU = Debug|Any CPU
		Debug|iPhone = Debug|iPhone
		Debug|iPhoneSimulator = Debug|iPhoneSimulator
		Release|Any CPU = Release|Any CPU
		Release|iPhone = Release|iPhone
		Release|iPhoneSimulator = Release|iPhoneSimulator
	EndGlobalSection
	GlobalSection(ProjectConfigurationPlatforms) = postSolution
		{A944139B-7428-47B9-B90E-CD31A4DEA1ED}.Debug|Any CPU.ActiveCfg = Debug|Any CPU
		{A944139B-7428-47B9-B90E-CD31A4DEA1ED}.Debug|Any CPU.Build.0 = Debug|Any CPU
		{A944139B-7428-47B9-B90E-CD31A4DEA1ED}.Debug|Any CPU.Deploy.0 = Debug|Any CPU
		{A944139B-7428-47B9-B90E-CD31A4DEA1ED}.Debug|iPhone.ActiveCfg = Debug|Any CPU
		{A944139B-7428-47B9-B90E-CD31A4DEA1ED}.Debug|iPhone.Build.0 = Debug|Any CPU
		{A944139B-7428-47B9-B90E-CD31A4DEA1ED}.Debug|iPhone.Deploy.0 = Debug|Any CPU
		{A944139B-7428-47B9-B90E-CD31A4DEA1ED}.Debug|iPhoneSimulator.ActiveCfg = Debug|Any CPU
		{A944139B-7428-47B9-B90E-CD31A4DEA1ED}.Debug|iPhoneSimulator.Build.0 = Debug|Any CPU
		{A944139B-7428-47B9-B90E-CD31A4DEA1ED}.Debug|iPhoneSimulator.Deploy.0 = Debug|Any CPU
		{A944139B-7428-47B9-B90E-CD31A4DEA1ED}.Release|Any CPU.ActiveCfg = Release|Any CPU
		{A944139B-7428-47B9-B90E-CD31A4DEA1ED}.Release|Any CPU.Build.0 = Release|Any CPU
		{A944139B-7428-47B9-B90E-CD31A4DEA1ED}.Release|Any CPU.Deploy.0 = Release|Any CPU
		{A944139B-7428-47B9-B90E-CD31A4DEA1ED}.Release|iPhone.ActiveCfg = Release|Any CPU
		{A944139B-7428-47B9-B90E-CD31A4DEA1ED}.Release|iPhone.Build.0 = Release|Any CPU
		{A944139B-7428-47B9-B90E-CD31A4DEA1ED}.Release|iPhone.Deploy.0 = Release|Any CPU
		{A944139B-7428-47B9-B90E-CD31A4DEA1ED}.Release|iPhoneSimulator.ActiveCfg = Release|Any CPU
		{A944139B-7428-47B9-B90E-CD31A4DEA1ED}.Release|iPhoneSimulator.Build.0 = Release|Any CPU
		{A944139B-7428-47B9-B90E-CD31A4DEA1ED}.Release|iPhoneSimulator.Deploy.0 = Release|Any CPU
		{94356E9B-AF5A-43C8-AA45-1F15F21134F3}.Debug|Any CPU.ActiveCfg = Debug|iPhone
		{94356E9B-AF5A-43C8-AA45-1F15F21134F3}.Debug|Any CPU.Build.0 = Debug|iPhone
		{94356E9B-AF5A-43C8-AA45-1F15F21134F3}.Debug|Any CPU.Deploy.0 = Debug|iPhone
		{94356E9B-AF5A-43C8-AA45-1F15F21134F3}.Debug|iPhone.ActiveCfg = Debug|iPhone
		{94356E9B-AF5A-43C8-AA45-1F15F21134F3}.Debug|iPhone.Build.0 = Debug|iPhone
		{94356E9B-AF5A-43C8-AA45-1F15F21134F3}.Debug|iPhone.Deploy.0 = Debug|iPhone
		{94356E9B-AF5A-43C8-AA45-1F15F21134F3}.Debug|iPhoneSimulator.ActiveCfg = Debug|iPhoneSimulator
		{94356E9B-AF5A-43C8-AA45-1F15F21134F3}.Debug|iPhoneSimulator.Build.0 = Debug|iPhoneSimulator
		{94356E9B-AF5A-43C8-AA45-1F15F21134F3}.Debug|iPhoneSimulator.Deploy.0 = Debug|iPhoneSimulator
		{94356E9B-AF5A-43C8-AA45-1F15F21134F3}.Release|Any CPU.ActiveCfg = Release|iPhoneSimulator
		{94356E9B-AF5A-43C8-AA45-1F15F21134F3}.Release|Any CPU.Build.0 = Release|iPhoneSimulator
		{94356E9B-AF5A-43C8-AA45-1F15F21134F3}.Release|Any CPU.Deploy.0 = Release|iPhoneSimulator
		{94356E9B-AF5A-43C8-AA45-1F15F21134F3}.Release|iPhone.ActiveCfg = Release|iPhone
		{94356E9B-AF5A-43C8-AA45-1F15F21134F3}.Release|iPhone.Build.0 = Release|iPhone
		{94356E9B-AF5A-43C8-AA45-1F15F21134F3}.Release|iPhone.Deploy.0 = Release|iPhone
		{94356E9B-AF5A-43C8-AA45-1F15F21134F3}.Release|iPhoneSimulator.ActiveCfg = Release|iPhoneSimulator
		{94356E9B-AF5A-43C8-AA45-1F15F21134F3}.Release|iPhoneSimulator.Build.0 = Release|iPhoneSimulator
		{94356E9B-AF5A-43C8-AA45-1F15F21134F3}.Release|iPhoneSimulator.Deploy.0 = Release|iPhoneSimulator
		{5EC84980-CA97-424A-B2C8-6D1686FD217B}.Debug|Any CPU.ActiveCfg = Debug|Any CPU
		{5EC84980-CA97-424A-B2C8-6D1686FD217B}.Debug|Any CPU.Build.0 = Debug|Any CPU
		{5EC84980-CA97-424A-B2C8-6D1686FD217B}.Debug|Any CPU.Deploy.0 = Debug|Any CPU
		{5EC84980-CA97-424A-B2C8-6D1686FD217B}.Debug|iPhone.ActiveCfg = Debug|Any CPU
		{5EC84980-CA97-424A-B2C8-6D1686FD217B}.Debug|iPhone.Build.0 = Debug|Any CPU
		{5EC84980-CA97-424A-B2C8-6D1686FD217B}.Debug|iPhone.Deploy.0 = Debug|Any CPU
		{5EC84980-CA97-424A-B2C8-6D1686FD217B}.Debug|iPhoneSimulator.ActiveCfg = Debug|Any CPU
		{5EC84980-CA97-424A-B2C8-6D1686FD217B}.Debug|iPhoneSimulator.Build.0 = Debug|Any CPU
		{5EC84980-CA97-424A-B2C8-6D1686FD217B}.Debug|iPhoneSimulator.Deploy.0 = Debug|Any CPU
		{5EC84980-CA97-424A-B2C8-6D1686FD217B}.Release|Any CPU.ActiveCfg = Release|Any CPU
		{5EC84980-CA97-424A-B2C8-6D1686FD217B}.Release|Any CPU.Build.0 = Release|Any CPU
		{5EC84980-CA97-424A-B2C8-6D1686FD217B}.Release|Any CPU.Deploy.0 = Release|Any CPU
		{5EC84980-CA97-424A-B2C8-6D1686FD217B}.Release|iPhone.ActiveCfg = Release|Any CPU
		{5EC84980-CA97-424A-B2C8-6D1686FD217B}.Release|iPhone.Build.0 = Release|Any CPU
		{5EC84980-CA97-424A-B2C8-6D1686FD217B}.Release|iPhone.Deploy.0 = Release|Any CPU
		{5EC84980-CA97-424A-B2C8-6D1686FD217B}.Release|iPhoneSimulator.ActiveCfg = Release|Any CPU
		{5EC84980-CA97-424A-B2C8-6D1686FD217B}.Release|iPhoneSimulator.Build.0 = Release|Any CPU
		{5EC84980-CA97-424A-B2C8-6D1686FD217B}.Release|iPhoneSimulator.Deploy.0 = Release|Any CPU
		{E935ADFB-332A-4511-A735-90FA59CD1F12}.Debug|Any CPU.ActiveCfg = Debug|Any CPU
		{E935ADFB-332A-4511-A735-90FA59CD1F12}.Debug|Any CPU.Build.0 = Debug|Any CPU
		{E935ADFB-332A-4511-A735-90FA59CD1F12}.Debug|iPhone.ActiveCfg = Debug|Any CPU
		{E935ADFB-332A-4511-A735-90FA59CD1F12}.Debug|iPhone.Build.0 = Debug|Any CPU
		{E935ADFB-332A-4511-A735-90FA59CD1F12}.Debug|iPhoneSimulator.ActiveCfg = Debug|Any CPU
		{E935ADFB-332A-4511-A735-90FA59CD1F12}.Debug|iPhoneSimulator.Build.0 = Debug|Any CPU
		{E935ADFB-332A-4511-A735-90FA59CD1F12}.Release|Any CPU.ActiveCfg = Release|Any CPU
		{E935ADFB-332A-4511-A735-90FA59CD1F12}.Release|Any CPU.Build.0 = Release|Any CPU
		{E935ADFB-332A-4511-A735-90FA59CD1F12}.Release|iPhone.ActiveCfg = Release|Any CPU
		{E935ADFB-332A-4511-A735-90FA59CD1F12}.Release|iPhone.Build.0 = Release|Any CPU
		{E935ADFB-332A-4511-A735-90FA59CD1F12}.Release|iPhoneSimulator.ActiveCfg = Release|Any CPU
		{E935ADFB-332A-4511-A735-90FA59CD1F12}.Release|iPhoneSimulator.Build.0 = Release|Any CPU
		{008ADE90-743E-4234-B871-8CB9C06DE647}.Debug|Any CPU.ActiveCfg = Debug|Any CPU
		{008ADE90-743E-4234-B871-8CB9C06DE647}.Debug|Any CPU.Build.0 = Debug|Any CPU
		{008ADE90-743E-4234-B871-8CB9C06DE647}.Debug|iPhone.ActiveCfg = Debug|Any CPU
		{008ADE90-743E-4234-B871-8CB9C06DE647}.Debug|iPhone.Build.0 = Debug|Any CPU
		{008ADE90-743E-4234-B871-8CB9C06DE647}.Debug|iPhoneSimulator.ActiveCfg = Debug|Any CPU
		{008ADE90-743E-4234-B871-8CB9C06DE647}.Debug|iPhoneSimulator.Build.0 = Debug|Any CPU
		{008ADE90-743E-4234-B871-8CB9C06DE647}.Release|Any CPU.ActiveCfg = Release|Any CPU
		{008ADE90-743E-4234-B871-8CB9C06DE647}.Release|Any CPU.Build.0 = Release|Any CPU
		{008ADE90-743E-4234-B871-8CB9C06DE647}.Release|iPhone.ActiveCfg = Release|Any CPU
		{008ADE90-743E-4234-B871-8CB9C06DE647}.Release|iPhone.Build.0 = Release|Any CPU
		{008ADE90-743E-4234-B871-8CB9C06DE647}.Release|iPhoneSimulator.ActiveCfg = Release|Any CPU
		{008ADE90-743E-4234-B871-8CB9C06DE647}.Release|iPhoneSimulator.Build.0 = Release|Any CPU
	EndGlobalSection
	GlobalSection(SolutionProperties) = preSolution
		HideSolutionNode = FALSE
	EndGlobalSection
	GlobalSection(ExtensibilityGlobals) = postSolution
		SolutionGuid = {59EBB3AE-7815-4956-B486-D2C7A12C304B}
	EndGlobalSection
EndGlobal
